{
  "name": "vue-simple-events",
  "version": "1.0.0",
  "lockfileVersion": 1,
  "requires": true,
  "dependencies": {
    "js-simple-events": {
      "version": "1.0.0",
      "resolved": "https://registry.npmjs.org/js-simple-events/-/js-simple-events-1.0.0.tgz",
      "integrity": "sha512-JAqo6sQJLJLfM1//A2fhInQ7EOvJpKPGu6AYu5unu2AQMKI1yApt2ggIz/XmMDOXQEhP4MPL73KhrF4eUSo4eQ=="
    },
    "typescript": {
      "version": "2.7.2",
      "resolved": "https://registry.npmjs.org/typescript/-/typescript-2.7.2.tgz",
      "integrity": "sha512-p5TCYZDAO0m4G344hD+wx/LATebLWZNkkh2asWUFqSsD2OrDNhbAHuSjobrmsUmdzjJjEeZVU9g1h3O6vpstnw==",
      "dev": true
    },
    "vue": {
      "version": "2.5.16",
      "resolved": "https://registry.npmjs.org/vue/-/vue-2.5.16.tgz",
      "integrity": "sha512-/ffmsiVuPC8PsWcFkZngdpas19ABm5mh2wA7iDqcltyCTwlgZjHGeJYOXkBMo422iPwIcviOtrTCUpSfXmToLQ=="
    }
  }
}
